// !$*UTF8*$!
{
	archiveVersion = 1;
	classes = {
	};
	objectVersion = 56;
	objects = {

/* Begin PBXBuildFile section */
		5502CC572CD2676E00DD2F85 /* AgileContentUIApp.swift in Sources */ = {isa = PBXBuildFile; fileRef = 5502CC562CD2676E00DD2F85 /* AgileContentUIApp.swift */; };
		5502CC592CD2676E00DD2F85 /* ContentView.swift in Sources */ = {isa = PBXBuildFile; fileRef = 5502CC582CD2676E00DD2F85 /* ContentView.swift */; };
		5502CC5B2CD2676F00DD2F85 /* Assets.xcassets in Resources */ = {isa = PBXBuildFile; fileRef = 5502CC5A2CD2676F00DD2F85 /* Assets.xcassets */; };
		5502CC5E2CD2676F00DD2F85 /* Preview Assets.xcassets in Resources */ = {isa = PBXBuildFile; fileRef = 5502CC5D2CD2676F00DD2F85 /* Preview Assets.xcassets */; };
		5502CC682CD2676F00DD2F85 /* AgileContentUITests.swift in Sources */ = {isa = PBXBuildFile; fileRef = 5502CC672CD2676F00DD2F85 /* AgileContentUITests.swift */; };
		5502CC722CD2676F00DD2F85 /* AgileContentUIUITests.swift in Sources */ = {isa = PBXBuildFile; fileRef = 5502CC712CD2676F00DD2F85 /* AgileContentUIUITests.swift */; };
		5502CC742CD2676F00DD2F85 /* AgileContentUIUITestsLaunchTests.swift in Sources */ = {isa = PBXBuildFile; fileRef = 5502CC732CD2676F00DD2F85 /* AgileContentUIUITestsLaunchTests.swift */; };
/* End PBXBuildFile section */

/* Begin PBXContainerItemProxy section */
		5502CC642CD2676F00DD2F85 /* PBXContainerItemProxy */ = {
			isa = PBXContainerItemProxy;
			containerPortal = 5502CC4B2CD2676E00DD2F85 /* Project object */;
			proxyType = 1;
			remoteGlobalIDString = 5502CC522CD2676E00DD2F85;
			remoteInfo = AgileContentUI;
		};
		5502CC6E2CD2676F00DD2F85 /* PBXContainerItemProxy */ = {
			isa = PBXContainerItemProxy;
			containerPortal = 5502CC4B2CD2676E00DD2F85 /* Project object */;
			proxyType = 1;
			remoteGlobalIDString = 5502CC522CD2676E00DD2F85;
			remoteInfo = AgileContentUI;
		};
/* End PBXContainerItemProxy section */

/* Begin PBXFileReference section */
		5502CC532CD2676E00DD2F85 /* AgileContentUI.app */ = {isa = PBXFileReference; explicitFileType = wrapper.application; includeInIndex = 0; path = AgileContentUI.app; sourceTree = BUILT_PRODUCTS_DIR; };
		5502CC562CD2676E00DD2F85 /* AgileContentUIApp.swift */ = {isa = PBXFileReference; lastKnownFileType = sourcecode.swift; path = AgileContentUIApp.swift; sourceTree = "<group>"; };
		5502CC582CD2676E00DD2F85 /* ContentView.swift */ = {isa = PBXFileReference; lastKnownFileType = sourcecode.swift; path = ContentView.swift; sourceTree = "<group>"; };
		5502CC5A2CD2676F00DD2F85 /* Assets.xcassets */ = {isa = PBXFileReference; lastKnownFileType = folder.assetcatalog; path = Assets.xcassets; sourceTree = "<group>"; };
		5502CC5D2CD2676F00DD2F85 /* Preview Assets.xcassets */ = {isa = PBXFileReference; lastKnownFileType = folder.assetcatalog; path = "Preview Assets.xcassets"; sourceTree = "<group>"; };
		5502CC632CD2676F00DD2F85 /* AgileContentUITests.xctest */ = {isa = PBXFileReference; explicitFileType = wrapper.cfbundle; includeInIndex = 0; path = AgileContentUITests.xctest; sourceTree = BUILT_PRODUCTS_DIR; };
		5502CC672CD2676F00DD2F85 /* AgileContentUITests.swift */ = {isa = PBXFileReference; lastKnownFileType = sourcecode.swift; path = AgileContentUITests.swift; sourceTree = "<group>"; };
		5502CC6D2CD2676F00DD2F85 /* AgileContentUIUITests.xctest */ = {isa = PBXFileReference; explicitFileType = wrapper.cfbundle; includeInIndex = 0; path = AgileContentUIUITests.xctest; sourceTree = BUILT_PRODUCTS_DIR; };
		5502CC712CD2676F00DD2F85 /* AgileContentUIUITests.swift */ = {isa = PBXFileReference; lastKnownFileType = sourcecode.swift; path = AgileContentUIUITests.swift; sourceTree = "<group>"; };
		5502CC732CD2676F00DD2F85 /* AgileContentUIUITestsLaunchTests.swift */ = {isa = PBXFileReference; lastKnownFileType = sourcecode.swift; path = AgileContentUIUITestsLaunchTests.swift; sourceTree = "<group>"; };
/* End PBXFileReference section */

/* Begin PBXFrameworksBuildPhase section */
		5502CC502CD2676E00DD2F85 /* Frameworks */ = {
			isa = PBXFrameworksBuildPhase;
			buildActionMask = 2147483647;
			files = (
			);
			runOnlyForDeploymentPostprocessing = 0;
		};
		5502CC602CD2676F00DD2F85 /* Frameworks */ = {
			isa = PBXFrameworksBuildPhase;
			buildActionMask = 2147483647;
			files = (
			);
			runOnlyForDeploymentPostprocessing = 0;
		};
		5502CC6A2CD2676F00DD2F85 /* Frameworks */ = {
			isa = PBXFrameworksBuildPhase;
			buildActionMask = 2147483647;
			files = (
			);
			runOnlyForDeploymentPostprocessing = 0;
		};
/* End PBXFrameworksBuildPhase section */

/* Begin PBXGroup section */
		5502CC4A2CD2676E00DD2F85 = {
			isa = PBXGroup;
			children = (
				5502CC552CD2676E00DD2F85 /* AgileContentUI */,
				5502CC662CD2676F00DD2F85 /* AgileContentUITests */,
				5502CC702CD2676F00DD2F85 /* AgileContentUIUITests */,
				5502CC542CD2676E00DD2F85 /* Products */,
			);
			sourceTree = "<group>";
		};
		5502CC542CD2676E00DD2F85 /* Products */ = {
			isa = PBXGroup;
			children = (
				5502CC532CD2676E00DD2F85 /* AgileContentUI.app */,
				5502CC632CD2676F00DD2F85 /* AgileContentUITests.xctest */,
				5502CC6D2CD2676F00DD2F85 /* AgileContentUIUITests.xctest */,
			);
			name = Products;
			sourceTree = "<group>";
		};
		5502CC552CD2676E00DD2F85 /* AgileContentUI */ = {
			isa = PBXGroup;
			children = (
				5502CC562CD2676E00DD2F85 /* AgileContentUIApp.swift */,
				5502CC582CD2676E00DD2F85 /* ContentView.swift */,
				5502CC5A2CD2676F00DD2F85 /* Assets.xcassets */,
				5502CC5C2CD2676F00DD2F85 /* Preview Content */,
			);
			path = AgileContentUI;
			sourceTree = "<group>";
		};
		5502CC5C2CD2676F00DD2F85 /* Preview Content */ = {
			isa = PBXGroup;
			children = (
				5502CC5D2CD2676F00DD2F85 /* Preview Assets.xcassets */,
			);
			path = "Preview Content";
			sourceTree = "<group>";
		};
		5502CC662CD2676F00DD2F85 /* AgileContentUITests */ = {
			isa = PBXGroup;
			children = (
				5502CC672CD2676F00DD2F85 /* AgileContentUITests.swift */,
			);
			path = AgileContentUITests;
			sourceTree = "<group>";
		};
		5502CC702CD2676F00DD2F85 /* AgileContentUIUITests */ = {
			isa = PBXGroup;
			children = (
				5502CC712CD2676F00DD2F85 /* AgileContentUIUITests.swift */,
				5502CC732CD2676F00DD2F85 /* AgileContentUIUITestsLaunchTests.swift */,
			);
			path = AgileContentUIUITests;
			sourceTree = "<group>";
		};
/* End PBXGroup section */

/* Begin PBXNativeTarget section */
		5502CC522CD2676E00DD2F85 /* AgileContentUI */ = {
			isa = PBXNativeTarget;
			buildConfigurationList = 5502CC772CD2676F00DD2F85 /* Build configuration list for PBXNativeTarget "AgileContentUI" */;
			buildPhases = (
				5502CC4F2CD2676E00DD2F85 /* Sources */,
				5502CC502CD2676E00DD2F85 /* Frameworks */,
				5502CC512CD2676E00DD2F85 /* Resources */,
			);
			buildRules = (
			);
			dependencies = (
			);
			name = AgileContentUI;
			productName = AgileContentUI;
			productReference = 5502CC532CD2676E00DD2F85 /* AgileContentUI.app */;
			productType = "com.apple.product-type.application";
		};
		5502CC622CD2676F00DD2F85 /* AgileContentUITests */ = {
			isa = PBXNativeTarget;
			buildConfigurationList = 5502CC7A2CD2676F00DD2F85 /* Build configuration list for PBXNativeTarget "AgileContentUITests" */;
			buildPhases = (
				5502CC5F2CD2676F00DD2F85 /* Sources */,
				5502CC602CD2676F00DD2F85 /* Frameworks */,
				5502CC612CD2676F00DD2F85 /* Resources */,
			);
			buildRules = (
			);
			dependencies = (
				5502CC652CD2676F00DD2F85 /* PBXTargetDependency */,
			);
			name = AgileContentUITests;
			productName = AgileContentUITests;
			productReference = 5502CC632CD2676F00DD2F85 /* AgileContentUITests.xctest */;
			productType = "com.apple.product-type.bundle.unit-test";
		};
		5502CC6C2CD2676F00DD2F85 /* AgileContentUIUITests */ = {
			isa = PBXNativeTarget;
			buildConfigurationList = 5502CC7D2CD2676F00DD2F85 /* Build configuration list for PBXNativeTarget "AgileContentUIUITests" */;
			buildPhases = (
				5502CC692CD2676F00DD2F85 /* Sources */,
				5502CC6A2CD2676F00DD2F85 /* Frameworks */,
				5502CC6B2CD2676F00DD2F85 /* Resources */,
			);
			buildRules = (
			);
			dependencies = (
				5502CC6F2CD2676F00DD2F85 /* PBXTargetDependency */,
			);
			name = AgileContentUIUITests;
			productName = AgileContentUIUITests;
			productReference = 5502CC6D2CD2676F00DD2F85 /* AgileContentUIUITests.xctest */;
			productType = "com.apple.product-type.bundle.ui-testing";
		};
/* End PBXNativeTarget section */

/* Begin PBXProject section */
		5502CC4B2CD2676E00DD2F85 /* Project object */ = {
			isa = PBXProject;
			attributes = {
				BuildIndependentTargetsInParallel = 1;
				LastSwiftUpdateCheck = 1540;
				LastUpgradeCheck = 1540;
				TargetAttributes = {
					5502CC522CD2676E00DD2F85 = {
						CreatedOnToolsVersion = 15.4;
					};
					5502CC622CD2676F00DD2F85 = {
						CreatedOnToolsVersion = 15.4;
						TestTargetID = 5502CC522CD2676E00DD2F85;
					};
					5502CC6C2CD2676F00DD2F85 = {
						CreatedOnToolsVersion = 15.4;
						TestTargetID = 5502CC522CD2676E00DD2F85;
					};
				};
			};
			buildConfigurationList = 5502CC4E2CD2676E00DD2F85 /* Build configuration list for PBXProject "AgileContentUI" */;
			compatibilityVersion = "Xcode 14.0";
			developmentRegion = en;
			hasScannedForEncodings = 0;
			knownRegions = (
				en,
				Base,
			);
			mainGroup = 5502CC4A2CD2676E00DD2F85;
			productRefGroup = 5502CC542CD2676E00DD2F85 /* Products */;
			projectDirPath = "";
			projectRoot = "";
			targets = (
				5502CC522CD2676E00DD2F85 /* AgileContentUI */,
				5502CC622CD2676F00DD2F85 /* AgileContentUITests */,
				5502CC6C2CD2676F00DD2F85 /* AgileContentUIUITests */,
			);
		};
/* End PBXProject section */

/* Begin PBXResourcesBuildPhase section */
		5502CC512CD2676E00DD2F85 /* Resources */ = {
			isa = PBXResourcesBuildPhase;
			buildActionMask = 2147483647;
			files = (
				5502CC5E2CD2676F00DD2F85 /* Preview Assets.xcassets in Resources */,
				5502CC5B2CD2676F00DD2F85 /* Assets.xcassets in Resources */,
			);
			runOnlyForDeploymentPostprocessing = 0;
		};
		5502CC612CD2676F00DD2F85 /* Resources */ = {
			isa = PBXResourcesBuildPhase;
			buildActionMask = 2147483647;
			files = (
			);
			runOnlyForDeploymentPostprocessing = 0;
		};
		5502CC6B2CD2676F00DD2F85 /* Resources */ = {
			isa = PBXResourcesBuildPhase;
			buildActionMask = 2147483647;
			files = (
			);
			runOnlyForDeploymentPostprocessing = 0;
		};
/* End PBXResourcesBuildPhase section */

/* Begin PBXSourcesBuildPhase section */
		5502CC4F2CD2676E00DD2F85 /* Sources */ = {
			isa = PBXSourcesBuildPhase;
			buildActionMask = 2147483647;
			files = (
				5502CC592CD2676E00DD2F85 /* ContentView.swift in Sources */,
				5502CC572CD2676E00DD2F85 /* AgileContentUIApp.swift in Sources */,
			);
			runOnlyForDeploymentPostprocessing = 0;
		};
		5502CC5F2CD2676F00DD2F85 /* Sources */ = {
			isa = PBXSourcesBuildPhase;
			buildActionMask = 2147483647;
			files = (
				5502CC682CD2676F00DD2F85 /* AgileContentUITests.swift in Sources */,
			);
			runOnlyForDeploymentPostprocessing = 0;
		};
		5502CC692CD2676F00DD2F85 /* Sources */ = {
			isa = PBXSourcesBuildPhase;
			buildActionMask = 2147483647;
			files = (
				5502CC722CD2676F00DD2F85 /* AgileContentUIUITests.swift in Sources */,
				5502CC742CD2676F00DD2F85 /* AgileContentUIUITestsLaunchTests.swift in Sources */,
			);
			runOnlyForDeploymentPostprocessing = 0;
		};
/* End PBXSourcesBuildPhase section */

/* Begin PBXTargetDependency section */
		5502CC652CD2676F00DD2F85 /* PBXTargetDependency */ = {
			isa = PBXTargetDependency;
			target = 5502CC522CD2676E00DD2F85 /* AgileContentUI */;
			targetProxy = 5502CC642CD2676F00DD2F85 /* PBXContainerItemProxy */;
		};
		5502CC6F2CD2676F00DD2F85 /* PBXTargetDependency */ = {
			isa = PBXTargetDependency;
			target = 5502CC522CD2676E00DD2F85 /* AgileContentUI */;
			targetProxy = 5502CC6E2CD2676F00DD2F85 /* PBXContainerItemProxy */;
		};
/* End PBXTargetDependency section */

/* Begin XCBuildConfiguration section */
		5502CC752CD2676F00DD2F85 /* Debug */ = {
			isa = XCBuildConfiguration;
			buildSettings = {
				ALWAYS_SEARCH_USER_PATHS = NO;
				ASSETCATALOG_COMPILER_GENERATE_SWIFT_ASSET_SYMBOL_EXTENSIONS = YES;
				CLANG_ANALYZER_NONNULL = YES;
				CLANG_ANALYZER_NUMBER_OBJECT_CONVERSION = YES_AGGRESSIVE;
				CLANG_CXX_LANGUAGE_STANDARD = "gnu++20";
				CLANG_ENABLE_MODULES = YES;
				CLANG_ENABLE_OBJC_ARC = YES;
				CLANG_ENABLE_OBJC_WEAK = YES;
				CLANG_WARN_BLOCK_CAPTURE_AUTORELEASING = YES;
				CLANG_WARN_BOOL_CONVERSION = YES;
				CLANG_WARN_COMMA = YES;
				CLANG_WARN_CONSTANT_CONVERSION = YES;
				CLANG_WARN_DEPRECATED_OBJC_IMPLEMENTATIONS = YES;
				CLANG_WARN_DIRECT_OBJC_ISA_USAGE = YES_ERROR;
				CLANG_WARN_DOCUMENTATION_COMMENTS = YES;
				CLANG_WARN_EMPTY_BODY = YES;
				CLANG_WARN_ENUM_CONVERSION = YES;
				CLANG_WARN_INFINITE_RECURSION = YES;
				CLANG_WARN_INT_CONVERSION = YES;
				CLANG_WARN_NON_LITERAL_NULL_CONVERSION = YES;
				CLANG_WARN_OBJC_IMPLICIT_RETAIN_SELF = YES;
				CLANG_WARN_OBJC_LITERAL_CONVERSION = YES;
				CLANG_WARN_OBJC_ROOT_CLASS = YES_ERROR;
				CLANG_WARN_QUOTED_INCLUDE_IN_FRAMEWORK_HEADER = YES;
				CLANG_WARN_RANGE_LOOP_ANALYSIS = YES;
				CLANG_WARN_STRICT_PROTOTYPES = YES;
				CLANG_WARN_SUSPICIOUS_MOVE = YES;
				CLANG_WARN_UNGUARDED_AVAILABILITY = YES_AGGRESSIVE;
				CLANG_WARN_UNREACHABLE_CODE = YES;
				CLANG_WARN__DUPLICATE_METHOD_MATCH = YES;
				COPY_PHASE_STRIP = NO;
				DEBUG_INFORMATION_FORMAT = dwarf;
				ENABLE_STRICT_OBJC_MSGSEND = YES;
				ENABLE_TESTABILITY = YES;
				ENABLE_USER_SCRIPT_SANDBOXING = YES;
				GCC_C_LANGUAGE_STANDARD = gnu17;
				GCC_DYNAMIC_NO_PIC = NO;
				GCC_NO_COMMON_BLOCKS = YES;
				GCC_OPTIMIZATION_LEVEL = 0;
				GCC_PREPROCESSOR_DEFINITIONS = (
					"DEBUG=1",
					"$(inherited)",
				);
				GCC_WARN_64_TO_32_BIT_CONVERSION = YES;
				GCC_WARN_ABOUT_RETURN_TYPE = YES_ERROR;
				GCC_WARN_UNDECLARED_SELECTOR = YES;
				GCC_WARN_UNINITIALIZED_AUTOS = YES_AGGRESSIVE;
				GCC_WARN_UNUSED_FUNCTION = YES;
				GCC_WARN_UNUSED_VARIABLE = YES;
				IPHONEOS_DEPLOYMENT_TARGET = 17.5;
				LOCALIZATION_PREFERS_STRING_CATALOGS = YES;
				MTL_ENABLE_DEBUG_INFO = INCLUDE_SOURCE;
				MTL_FAST_MATH = YES;
				ONLY_ACTIVE_ARCH = YES;
				SDKROOT = iphoneos;
				SWIFT_ACTIVE_COMPILATION_CONDITIONS = "DEBUG $(inherited)";
				SWIFT_OPTIMIZATION_LEVEL = "-Onone";
			};
			name = Debug;
		};
		5502CC762CD2676F00DD2F85 /* Release */ = {
			isa = XCBuildConfiguration;
			buildSettings = {
				ALWAYS_SEARCH_USER_PATHS = NO;
				ASSETCATALOG_COMPILER_GENERATE_SWIFT_ASSET_SYMBOL_EXTENSIONS = YES;
				CLANG_ANALYZER_NONNULL = YES;
				CLANG_ANALYZER_NUMBER_OBJECT_CONVERSION = YES_AGGRESSIVE;
				CLANG_CXX_LANGUAGE_STANDARD = "gnu++20";
				CLANG_ENABLE_MODULES = YES;
				CLANG_ENABLE_OBJC_ARC = YES;
				CLANG_ENABLE_OBJC_WEAK = YES;
				CLANG_WARN_BLOCK_CAPTURE_AUTORELEASING = YES;
				CLANG_WARN_BOOL_CONVERSION = YES;
				CLANG_WARN_COMMA = YES;
				CLANG_WARN_CONSTANT_CONVERSION = YES;
				CLANG_WARN_DEPRECATED_OBJC_IMPLEMENTATIONS = YES;
				CLANG_WARN_DIRECT_OBJC_ISA_USAGE = YES_ERROR;
				CLANG_WARN_DOCUMENTATION_COMMENTS = YES;
				CLANG_WARN_EMPTY_BODY = YES;
				CLANG_WARN_ENUM_CONVERSION = YES;
				CLANG_WARN_INFINITE_RECURSION = YES;
				CLANG_WARN_INT_CONVERSION = YES;
				CLANG_WARN_NON_LITERAL_NULL_CONVERSION = YES;
				CLANG_WARN_OBJC_IMPLICIT_RETAIN_SELF = YES;
				CLANG_WARN_OBJC_LITERAL_CONVERSION = YES;
				CLANG_WARN_OBJC_ROOT_CLASS = YES_ERROR;
				CLANG_WARN_QUOTED_INCLUDE_IN_FRAMEWORK_HEADER = YES;
				CLANG_WARN_RANGE_LOOP_ANALYSIS = YES;
				CLANG_WARN_STRICT_PROTOTYPES = YES;
				CLANG_WARN_SUSPICIOUS_MOVE = YES;
				CLANG_WARN_UNGUARDED_AVAILABILITY = YES_AGGRESSIVE;
				CLANG_WARN_UNREACHABLE_CODE = YES;
				CLANG_WARN__DUPLICATE_METHOD_MATCH = YES;
				COPY_PHASE_STRIP = NO;
				DEBUG_INFORMATION_FORMAT = "dwarf-with-dsym";
				ENABLE_NS_ASSERTIONS = NO;
				ENABLE_STRICT_OBJC_MSGSEND = YES;
				ENABLE_USER_SCRIPT_SANDBOXING = YES;
				GCC_C_LANGUAGE_STANDARD = gnu17;
				GCC_NO_COMMON_BLOCKS = YES;
				GCC_WARN_64_TO_32_BIT_CONVERSION = YES;
				GCC_WARN_ABOUT_RETURN_TYPE = YES_ERROR;
				GCC_WARN_UNDECLARED_SELECTOR = YES;
				GCC_WARN_UNINITIALIZED_AUTOS = YES_AGGRESSIVE;
				GCC_WARN_UNUSED_FUNCTION = YES;
				GCC_WARN_UNUSED_VARIABLE = YES;
				IPHONEOS_DEPLOYMENT_TARGET = 17.5;
				LOCALIZATION_PREFERS_STRING_CATALOGS = YES;
				MTL_ENABLE_DEBUG_INFO = NO;
				MTL_FAST_MATH = YES;
				SDKROOT = iphoneos;
				SWIFT_COMPILATION_MODE = wholemodule;
				VALIDATE_PRODUCT = YES;
			};
			name = Release;
		};
		5502CC782CD2676F00DD2F85 /* Debug */ = {
			isa = XCBuildConfiguration;
			buildSettings = {
				ASSETCATALOG_COMPILER_APPICON_NAME = AppIcon;
				ASSETCATALOG_COMPILER_GLOBAL_ACCENT_COLOR_NAME = AccentColor;
				CODE_SIGN_STYLE = Automatic;
				CURRENT_PROJECT_VERSION = 1;
				DEVELOPMENT_ASSET_PATHS = "\"AgileContentUI/Preview Content\"";
				ENABLE_PREVIEWS = YES;
				GENERATE_INFOPLIST_FILE = YES;
				INFOPLIST_KEY_UIApplicationSceneManifest_Generation = YES;
				INFOPLIST_KEY_UIApplicationSupportsIndirectInputEvents = YES;
				INFOPLIST_KEY_UILaunchScreen_Generation = YES;
				INFOPLIST_KEY_UISupportedInterfaceOrientations_iPad = "UIInterfaceOrientationPortrait UIInterfaceOrientationPortraitUpsideDown UIInterfaceOrientationLandscapeLeft UIInterfaceOrientationLandscapeRight";
				INFOPLIST_KEY_UISupportedInterfaceOrientations_iPhone = "UIInterfaceOrientationPortrait UIInterfaceOrientationLandscapeLeft UIInterfaceOrientationLandscapeRight";
				LD_RUNPATH_SEARCH_PATHS = (
					"$(inherited)",
					"@executable_path/Frameworks",
				);
				MARKETING_VERSION = 1.0;
				PRODUCT_BUNDLE_IDENTIFIER = com.oscargarrucho.AgileContentUI;
				PRODUCT_NAME = "$(TARGET_NAME)";
				SWIFT_EMIT_LOC_STRINGS = YES;
				SWIFT_VERSION = 5.0;
				TARGETED_DEVICE_FAMILY = "1,2";
			};
			name = Debug;
		};
		5502CC792CD2676F00DD2F85 /* Release */ = {
			isa = XCBuildConfiguration;
			buildSettings = {
				ASSETCATALOG_COMPILER_APPICON_NAME = AppIcon;
				ASSETCATALOG_COMPILER_GLOBAL_ACCENT_COLOR_NAME = AccentColor;
				CODE_SIGN_STYLE = Automatic;
				CURRENT_PROJECT_VERSION = 1;
				DEVELOPMENT_ASSET_PATHS = "\"AgileContentUI/Preview Content\"";
				ENABLE_PREVIEWS = YES;
				GENERATE_INFOPLIST_FILE = YES;
				INFOPLIST_KEY_UIApplicationSceneManifest_Generation = YES;
				INFOPLIST_KEY_UIApplicationSupportsIndirectInputEvents = YES;
				INFOPLIST_KEY_UILaunchScreen_Generation = YES;
				INFOPLIST_KEY_UISupportedInterfaceOrientations_iPad = "UIInterfaceOrientationPortrait UIInterfaceOrientationPortraitUpsideDown UIInterfaceOrientationLandscapeLeft UIInterfaceOrientationLandscapeRight";
				INFOPLIST_KEY_UISupportedInterfaceOrientations_iPhone = "UIInterfaceOrientationPortrait UIInterfaceOrientationLandscapeLeft UIInterfaceOrientationLandscapeRight";
				LD_RUNPATH_SEARCH_PATHS = (
					"$(inherited)",
					"@executable_path/Frameworks",
				);
				MARKETING_VERSION = 1.0;
				PRODUCT_BUNDLE_IDENTIFIER = com.oscargarrucho.AgileContentUI;
				PRODUCT_NAME = "$(TARGET_NAME)";
				SWIFT_EMIT_LOC_STRINGS = YES;
				SWIFT_VERSION = 5.0;
				TARGETED_DEVICE_FAMILY = "1,2";
			};
			name = Release;
		};
		5502CC7B2CD2676F00DD2F85 /* Debug */ = {
			isa = XCBuildConfiguration;
			buildSettings = {
				ALWAYS_EMBED_SWIFT_STANDARD_LIBRARIES = YES;
				BUNDLE_LOADER = "$(TEST_HOST)";
				CODE_SIGN_STYLE = Automatic;
				CURRENT_PROJECT_VERSION = 1;
				GENERATE_INFOPLIST_FILE = YES;
				IPHONEOS_DEPLOYMENT_TARGET = 17.5;
				MARKETING_VERSION = 1.0;
				PRODUCT_BUNDLE_IDENTIFIER = com.oscargarrucho.AgileContentUITests;
				PRODUCT_NAME = "$(TARGET_NAME)";
				SWIFT_EMIT_LOC_STRINGS = NO;
				SWIFT_VERSION = 5.0;
				TARGETED_DEVICE_FAMILY = "1,2";
				TEST_HOST = "$(BUILT_PRODUCTS_DIR)/AgileContentUI.app/$(BUNDLE_EXECUTABLE_FOLDER_PATH)/AgileContentUI";
			};
			name = Debug;
		};
		5502CC7C2CD2676F00DD2F85 /* Release */ = {
			isa = XCBuildConfiguration;
			buildSettings = {
				ALWAYS_EMBED_SWIFT_STANDARD_LIBRARIES = YES;
				BUNDLE_LOADER = "$(TEST_HOST)";
				CODE_SIGN_STYLE = Automatic;
				CURRENT_PROJECT_VERSION = 1;
				GENERATE_INFOPLIST_FILE = YES;
				IPHONEOS_DEPLOYMENT_TARGET = 17.5;
				MARKETING_VERSION = 1.0;
				PRODUCT_BUNDLE_IDENTIFIER = com.oscargarrucho.AgileContentUITests;
				PRODUCT_NAME = "$(TARGET_NAME)";
				SWIFT_EMIT_LOC_STRINGS = NO;
				SWIFT_VERSION = 5.0;
				TARGETED_DEVICE_FAMILY = "1,2";
				TEST_HOST = "$(BUILT_PRODUCTS_DIR)/AgileContentUI.app/$(BUNDLE_EXECUTABLE_FOLDER_PATH)/AgileContentUI";
			};
			name = Release;
		};
		5502CC7E2CD2676F00DD2F85 /* Debug */ = {
			isa = XCBuildConfiguration;
			buildSettings = {
				ALWAYS_EMBED_SWIFT_STANDARD_LIBRARIES = YES;
				CODE_SIGN_STYLE = Automatic;
				CURRENT_PROJECT_VERSION = 1;
				GENERATE_INFOPLIST_FILE = YES;
				MARKETING_VERSION = 1.0;
				PRODUCT_BUNDLE_IDENTIFIER = com.oscargarrucho.AgileContentUIUITests;
				PRODUCT_NAME = "$(TARGET_NAME)";
				SWIFT_EMIT_LOC_STRINGS = NO;
				SWIFT_VERSION = 5.0;
				TARGETED_DEVICE_FAMILY = "1,2";
				TEST_TARGET_NAME = AgileContentUI;
			};
			name = Debug;
		};
		5502CC7F2CD2676F00DD2F85 /* Release */ = {
			isa = XCBuildConfiguration;
			buildSettings = {
				ALWAYS_EMBED_SWIFT_STANDARD_LIBRARIES = YES;
				CODE_SIGN_STYLE = Automatic;
				CURRENT_PROJECT_VERSION = 1;
				GENERATE_INFOPLIST_FILE = YES;
				MARKETING_VERSION = 1.0;
				PRODUCT_BUNDLE_IDENTIFIER = com.oscargarrucho.AgileContentUIUITests;
				PRODUCT_NAME = "$(TARGET_NAME)";
				SWIFT_EMIT_LOC_STRINGS = NO;
				SWIFT_VERSION = 5.0;
				TARGETED_DEVICE_FAMILY = "1,2";
				TEST_TARGET_NAME = AgileContentUI;
			};
			name = Release;
		};
/* End XCBuildConfiguration section */

/* Begin XCConfigurationList section */
		5502CC4E2CD2676E00DD2F85 /* Build configuration list for PBXProject "AgileContentUI" */ = {
			isa = XCConfigurationList;
			buildConfigurations = (
				5502CC752CD2676F00DD2F85 /* Debug */,
				5502CC762CD2676F00DD2F85 /* Release */,
			);
			defaultConfigurationIsVisible = 0;
			defaultConfigurationName = Release;
		};
		5502CC772CD2676F00DD2F85 /* Build configuration list for PBXNativeTarget "AgileContentUI" */ = {
			isa = XCConfigurationList;
			buildConfigurations = (
				5502CC782CD2676F00DD2F85 /* Debug */,
				5502CC792CD2676F00DD2F85 /* Release */,
			);
			defaultConfigurationIsVisible = 0;
			defaultConfigurationName = Release;
		};
		5502CC7A2CD2676F00DD2F85 /* Build configuration list for PBXNativeTarget "AgileContentUITests" */ = {
			isa = XCConfigurationList;
			buildConfigurations = (
				5502CC7B2CD2676F00DD2F85 /* Debug */,
				5502CC7C2CD2676F00DD2F85 /* Release */,
			);
			defaultConfigurationIsVisible = 0;
			defaultConfigurationName = Release;
		};
		5502CC7D2CD2676F00DD2F85 /* Build configuration list for PBXNativeTarget "AgileContentUIUITests" */ = {
			isa = XCConfigurationList;
			buildConfigurations = (
				5502CC7E2CD2676F00DD2F85 /* Debug */,
				5502CC7F2CD2676F00DD2F85 /* Release */,
			);
			defaultConfigurationIsVisible = 0;
			defaultConfigurationName = Release;
		};
/* End XCConfigurationList section */
	};
	rootObject = 5502CC4B2CD2676E00DD2F85 /* Project object */;
}
